
Microsoft Visual Studio Solution File, Format Version 12.00
# Visual Studio Version 16
VisualStudioVersion = 16.0.29418.71
MinimumVisualStudioVersion = 10.0.40219.1
Project("{FAE04EC0-301F-11D3-BF4B-00C04F79EFBC}") = "WebApplication2", "WebApplication2.csproj", "{F5F72BAB-981F-4921-8EE4-FCFE9C74E4B5}"
EndProject
Global
	GlobalSection(SolutionConfigurationPlatforms) = preSolution
		Debug|Any CPU = Debug|Any CPU
		Release|Any CPU = Release|Any CPU
	EndGlobalSection
	GlobalSection(ProjectConfigurationPlatforms) = postSolution
		{F5F72BAB-981F-4921-8EE4-FCFE9C74E4B5}.Debug|Any CPU.ActiveCfg = Debug|Any CPU
		{F5F72BAB-981F-4921-8EE4-FCFE9C74E4B5}.Debug|Any CPU.Build.0 = Debug|Any CPU
		{F5F72BAB-981F-4921-8EE4-FCFE9C74E4B5}.Release|Any CPU.ActiveCfg = Release|Any CPU
		{F5F72BAB-981F-4921-8EE4-FCFE9C74E4B5}.Release|Any CPU.Build.0 = Release|Any CPU
	EndGlobalSection
	GlobalSection(SolutionProperties) = preSolution
		HideSolutionNode = FALSE
	EndGlobalSection
	GlobalSection(ExtensibilityGlobals) = postSolution
		SolutionGuid = {A1E8315D-5D84-48BA-BD10-2ED2A77C661A}
	EndGlobalSection
EndGlobal
